// !$*UTF8*$!
{
	archiveVersion = 1;
	classes = {
	};
	objectVersion = 77;
	objects = {

/* Begin PBXContainerItemProxy section */
		D6801B1C2D31752E0060E3A5 /* PBXContainerItemProxy */ = {
			isa = PBXContainerItemProxy;
			containerPortal = D6801B032D31752C0060E3A5 /* Project object */;
			proxyType = 1;
			remoteGlobalIDString = D6801B0A2D31752C0060E3A5;
			remoteInfo = EpameinondasZymvrakakis;
		};
		D6801B262D31752E0060E3A5 /* PBXContainerItemProxy */ = {
			isa = PBXContainerItemProxy;
			containerPortal = D6801B032D31752C0060E3A5 /* Project object */;
			proxyType = 1;
			remoteGlobalIDString = D6801B0A2D31752C0060E3A5;
			remoteInfo = EpameinondasZymvrakakis;
		};
/* End PBXContainerItemProxy section */

/* Begin PBXFileReference section */
		D6801B0B2D31752C0060E3A5 /* EpameinondasZymvrakakis.app */ = {isa = PBXFileReference; explicitFileType = wrapper.application; includeInIndex = 0; path = EpameinondasZymvrakakis.app; sourceTree = BUILT_PRODUCTS_DIR; };
		D6801B1B2D31752E0060E3A5 /* EpameinondasZymvrakakisTests.xctest */ = {isa = PBXFileReference; explicitFileType = wrapper.cfbundle; includeInIndex = 0; path = EpameinondasZymvrakakisTests.xctest; sourceTree = BUILT_PRODUCTS_DIR; };
		D6801B252D31752E0060E3A5 /* EpameinondasZymvrakakisUITests.xctest */ = {isa = PBXFileReference; explicitFileType = wrapper.cfbundle; includeInIndex = 0; path = EpameinondasZymvrakakisUITests.xctest; sourceTree = BUILT_PRODUCTS_DIR; };
/* End PBXFileReference section */

/* Begin PBXFileSystemSynchronizedRootGroup section */
		D6801B0D2D31752C0060E3A5 /* EpameinondasZymvrakakis */ = {
			isa = PBXFileSystemSynchronizedRootGroup;
			path = EpameinondasZymvrakakis;
			sourceTree = "<group>";
		};
		D6801B1E2D31752E0060E3A5 /* EpameinondasZymvrakakisTests */ = {
			isa = PBXFileSystemSynchronizedRootGroup;
			path = EpameinondasZymvrakakisTests;
			sourceTree = "<group>";
		};
		D6801B282D31752E0060E3A5 /* EpameinondasZymvrakakisUITests */ = {
			isa = PBXFileSystemSynchronizedRootGroup;
			path = EpameinondasZymvrakakisUITests;
			sourceTree = "<group>";
		};
/* End PBXFileSystemSynchronizedRootGroup section */

/* Begin PBXFrameworksBuildPhase section */
		D6801B082D31752C0060E3A5 /* Frameworks */ = {
			isa = PBXFrameworksBuildPhase;
			buildActionMask = 2147483647;
			files = (
			);
			runOnlyForDeploymentPostprocessing = 0;
		};
		D6801B182D31752E0060E3A5 /* Frameworks */ = {
			isa = PBXFrameworksBuildPhase;
			buildActionMask = 2147483647;
			files = (
			);
			runOnlyForDeploymentPostprocessing = 0;
		};
		D6801B222D31752E0060E3A5 /* Frameworks */ = {
			isa = PBXFrameworksBuildPhase;
			buildActionMask = 2147483647;
			files = (
			);
			runOnlyForDeploymentPostprocessing = 0;
		};
/* End PBXFrameworksBuildPhase section */

/* Begin PBXGroup section */
		D6801B022D31752C0060E3A5 = {
			isa = PBXGroup;
			children = (
				D6801B0D2D31752C0060E3A5 /* EpameinondasZymvrakakis */,
				D6801B1E2D31752E0060E3A5 /* EpameinondasZymvrakakisTests */,
				D6801B282D31752E0060E3A5 /* EpameinondasZymvrakakisUITests */,
				D6801B0C2D31752C0060E3A5 /* Products */,
			);
			sourceTree = "<group>";
		};
		D6801B0C2D31752C0060E3A5 /* Products */ = {
			isa = PBXGroup;
			children = (
				D6801B0B2D31752C0060E3A5 /* EpameinondasZymvrakakis.app */,
				D6801B1B2D31752E0060E3A5 /* EpameinondasZymvrakakisTests.xctest */,
				D6801B252D31752E0060E3A5 /* EpameinondasZymvrakakisUITests.xctest */,
			);
			name = Products;
			sourceTree = "<group>";
		};
/* End PBXGroup section */

/* Begin PBXNativeTarget section */
		D6801B0A2D31752C0060E3A5 /* EpameinondasZymvrakakis */ = {
			isa = PBXNativeTarget;
			buildConfigurationList = D6801B2F2D31752E0060E3A5 /* Build configuration list for PBXNativeTarget "EpameinondasZymvrakakis" */;
			buildPhases = (
				D6801B072D31752C0060E3A5 /* Sources */,
				D6801B082D31752C0060E3A5 /* Frameworks */,
				D6801B092D31752C0060E3A5 /* Resources */,
			);
			buildRules = (
			);
			dependencies = (
			);
			fileSystemSynchronizedGroups = (
				D6801B0D2D31752C0060E3A5 /* EpameinondasZymvrakakis */,
			);
			name = EpameinondasZymvrakakis;
			packageProductDependencies = (
			);
			productName = EpameinondasZymvrakakis;
			productReference = D6801B0B2D31752C0060E3A5 /* EpameinondasZymvrakakis.app */;
			productType = "com.apple.product-type.application";
		};
		D6801B1A2D31752E0060E3A5 /* EpameinondasZymvrakakisTests */ = {
			isa = PBXNativeTarget;
			buildConfigurationList = D6801B322D31752E0060E3A5 /* Build configuration list for PBXNativeTarget "EpameinondasZymvrakakisTests" */;
			buildPhases = (
				D6801B172D31752E0060E3A5 /* Sources */,
				D6801B182D31752E0060E3A5 /* Frameworks */,
				D6801B192D31752E0060E3A5 /* Resources */,
			);
			buildRules = (
			);
			dependencies = (
				D6801B1D2D31752E0060E3A5 /* PBXTargetDependency */,
			);
			fileSystemSynchronizedGroups = (
				D6801B1E2D31752E0060E3A5 /* EpameinondasZymvrakakisTests */,
			);
			name = EpameinondasZymvrakakisTests;
			packageProductDependencies = (
			);
			productName = EpameinondasZymvrakakisTests;
			productReference = D6801B1B2D31752E0060E3A5 /* EpameinondasZymvrakakisTests.xctest */;
			productType = "com.apple.product-type.bundle.unit-test";
		};
		D6801B242D31752E0060E3A5 /* EpameinondasZymvrakakisUITests */ = {
			isa = PBXNativeTarget;
			buildConfigurationList = D6801B352D31752E0060E3A5 /* Build configuration list for PBXNativeTarget "EpameinondasZymvrakakisUITests" */;
			buildPhases = (
				D6801B212D31752E0060E3A5 /* Sources */,
				D6801B222D31752E0060E3A5 /* Frameworks */,
				D6801B232D31752E0060E3A5 /* Resources */,
			);
			buildRules = (
			);
			dependencies = (
				D6801B272D31752E0060E3A5 /* PBXTargetDependency */,
			);
			fileSystemSynchronizedGroups = (
				D6801B282D31752E0060E3A5 /* EpameinondasZymvrakakisUITests */,
			);
			name = EpameinondasZymvrakakisUITests;
			packageProductDependencies = (
			);
			productName = EpameinondasZymvrakakisUITests;
			productReference = D6801B252D31752E0060E3A5 /* EpameinondasZymvrakakisUITests.xctest */;
			productType = "com.apple.product-type.bundle.ui-testing";
		};
/* End PBXNativeTarget section */

/* Begin PBXProject section */
		D6801B032D31752C0060E3A5 /* Project object */ = {
			isa = PBXProject;
			attributes = {
				BuildIndependentTargetsInParallel = 1;
				LastSwiftUpdateCheck = 1620;
				LastUpgradeCheck = 1620;
				TargetAttributes = {
					D6801B0A2D31752C0060E3A5 = {
						CreatedOnToolsVersion = 16.2;
					};
					D6801B1A2D31752E0060E3A5 = {
						CreatedOnToolsVersion = 16.2;
						TestTargetID = D6801B0A2D31752C0060E3A5;
					};
					D6801B242D31752E0060E3A5 = {
						CreatedOnToolsVersion = 16.2;
						TestTargetID = D6801B0A2D31752C0060E3A5;
					};
				};
			};
			buildConfigurationList = D6801B062D31752C0060E3A5 /* Build configuration list for PBXProject "EpameinondasZymvrakakis" */;
			developmentRegion = en;
			hasScannedForEncodings = 0;
			knownRegions = (
				en,
				Base,
			);
			mainGroup = D6801B022D31752C0060E3A5;
			minimizedProjectReferenceProxies = 1;
			preferredProjectObjectVersion = 77;
			productRefGroup = D6801B0C2D31752C0060E3A5 /* Products */;
			projectDirPath = "";
			projectRoot = "";
			targets = (
				D6801B0A2D31752C0060E3A5 /* EpameinondasZymvrakakis */,
				D6801B1A2D31752E0060E3A5 /* EpameinondasZymvrakakisTests */,
				D6801B242D31752E0060E3A5 /* EpameinondasZymvrakakisUITests */,
			);
		};
/* End PBXProject section */

/* Begin PBXResourcesBuildPhase section */
		D6801B092D31752C0060E3A5 /* Resources */ = {
			isa = PBXResourcesBuildPhase;
			buildActionMask = 2147483647;
			files = (
			);
			runOnlyForDeploymentPostprocessing = 0;
		};
		D6801B192D31752E0060E3A5 /* Resources */ = {
			isa = PBXResourcesBuildPhase;
			buildActionMask = 2147483647;
			files = (
			);
			runOnlyForDeploymentPostprocessing = 0;
		};
		D6801B232D31752E0060E3A5 /* Resources */ = {
			isa = PBXResourcesBuildPhase;
			buildActionMask = 2147483647;
			files = (
			);
			runOnlyForDeploymentPostprocessing = 0;
		};
/* End PBXResourcesBuildPhase section */

/* Begin PBXSourcesBuildPhase section */
		D6801B072D31752C0060E3A5 /* Sources */ = {
			isa = PBXSourcesBuildPhase;
			buildActionMask = 2147483647;
			files = (
			);
			runOnlyForDeploymentPostprocessing = 0;
		};
		D6801B172D31752E0060E3A5 /* Sources */ = {
			isa = PBXSourcesBuildPhase;
			buildActionMask = 2147483647;
			files = (
			);
			runOnlyForDeploymentPostprocessing = 0;
		};
		D6801B212D31752E0060E3A5 /* Sources */ = {
			isa = PBXSourcesBuildPhase;
			buildActionMask = 2147483647;
			files = (
			);
			runOnlyForDeploymentPostprocessing = 0;
		};
/* End PBXSourcesBuildPhase section */

/* Begin PBXTargetDependency section */
		D6801B1D2D31752E0060E3A5 /* PBXTargetDependency */ = {
			isa = PBXTargetDependency;
			target = D6801B0A2D31752C0060E3A5 /* EpameinondasZymvrakakis */;
			targetProxy = D6801B1C2D31752E0060E3A5 /* PBXContainerItemProxy */;
		};
		D6801B272D31752E0060E3A5 /* PBXTargetDependency */ = {
			isa = PBXTargetDependency;
			target = D6801B0A2D31752C0060E3A5 /* EpameinondasZymvrakakis */;
			targetProxy = D6801B262D31752E0060E3A5 /* PBXContainerItemProxy */;
		};
/* End PBXTargetDependency section */

/* Begin XCBuildConfiguration section */
		D6801B2D2D31752E0060E3A5 /* Debug */ = {
			isa = XCBuildConfiguration;
			buildSettings = {
				ALWAYS_SEARCH_USER_PATHS = NO;
				ASSETCATALOG_COMPILER_GENERATE_SWIFT_ASSET_SYMBOL_EXTENSIONS = YES;
				CLANG_ANALYZER_NONNULL = YES;
				CLANG_ANALYZER_NUMBER_OBJECT_CONVERSION = YES_AGGRESSIVE;
				CLANG_CXX_LANGUAGE_STANDARD = "gnu++20";
				CLANG_ENABLE_MODULES = YES;
				CLANG_ENABLE_OBJC_ARC = YES;
				CLANG_ENABLE_OBJC_WEAK = YES;
				CLANG_WARN_BLOCK_CAPTURE_AUTORELEASING = YES;
				CLANG_WARN_BOOL_CONVERSION = YES;
				CLANG_WARN_COMMA = YES;
				CLANG_WARN_CONSTANT_CONVERSION = YES;
				CLANG_WARN_DEPRECATED_OBJC_IMPLEMENTATIONS = YES;
				CLANG_WARN_DIRECT_OBJC_ISA_USAGE = YES_ERROR;
				CLANG_WARN_DOCUMENTATION_COMMENTS = YES;
				CLANG_WARN_EMPTY_BODY = YES;
				CLANG_WARN_ENUM_CONVERSION = YES;
				CLANG_WARN_INFINITE_RECURSION = YES;
				CLANG_WARN_INT_CONVERSION = YES;
				CLANG_WARN_NON_LITERAL_NULL_CONVERSION = YES;
				CLANG_WARN_OBJC_IMPLICIT_RETAIN_SELF = YES;
				CLANG_WARN_OBJC_LITERAL_CONVERSION = YES;
				CLANG_WARN_OBJC_ROOT_CLASS = YES_ERROR;
				CLANG_WARN_QUOTED_INCLUDE_IN_FRAMEWORK_HEADER = YES;
				CLANG_WARN_RANGE_LOOP_ANALYSIS = YES;
				CLANG_WARN_STRICT_PROTOTYPES = YES;
				CLANG_WARN_SUSPICIOUS_MOVE = YES;
				CLANG_WARN_UNGUARDED_AVAILABILITY = YES_AGGRESSIVE;
				CLANG_WARN_UNREACHABLE_CODE = YES;
				CLANG_WARN__DUPLICATE_METHOD_MATCH = YES;
				COPY_PHASE_STRIP = NO;
				DEBUG_INFORMATION_FORMAT = dwarf;
				ENABLE_STRICT_OBJC_MSGSEND = YES;
				ENABLE_TESTABILITY = YES;
				ENABLE_USER_SCRIPT_SANDBOXING = YES;
				GCC_C_LANGUAGE_STANDARD = gnu17;
				GCC_DYNAMIC_NO_PIC = NO;
				GCC_NO_COMMON_BLOCKS = YES;
				GCC_OPTIMIZATION_LEVEL = 0;
				GCC_PREPROCESSOR_DEFINITIONS = (
					"DEBUG=1",
					"$(inherited)",
				);
				GCC_WARN_64_TO_32_BIT_CONVERSION = YES;
				GCC_WARN_ABOUT_RETURN_TYPE = YES_ERROR;
				GCC_WARN_UNDECLARED_SELECTOR = YES;
				GCC_WARN_UNINITIALIZED_AUTOS = YES_AGGRESSIVE;
				GCC_WARN_UNUSED_FUNCTION = YES;
				GCC_WARN_UNUSED_VARIABLE = YES;
				IPHONEOS_DEPLOYMENT_TARGET = 18.2;
				LOCALIZATION_PREFERS_STRING_CATALOGS = YES;
				MTL_ENABLE_DEBUG_INFO = INCLUDE_SOURCE;
				MTL_FAST_MATH = YES;
				ONLY_ACTIVE_ARCH = YES;
				SDKROOT = iphoneos;
				SWIFT_ACTIVE_COMPILATION_CONDITIONS = "DEBUG $(inherited)";
				SWIFT_OPTIMIZATION_LEVEL = "-Onone";
			};
			name = Debug;
		};
		D6801B2E2D31752E0060E3A5 /* Release */ = {
			isa = XCBuildConfiguration;
			buildSettings = {
				ALWAYS_SEARCH_USER_PATHS = NO;
				ASSETCATALOG_COMPILER_GENERATE_SWIFT_ASSET_SYMBOL_EXTENSIONS = YES;
				CLANG_ANALYZER_NONNULL = YES;
				CLANG_ANALYZER_NUMBER_OBJECT_CONVERSION = YES_AGGRESSIVE;
				CLANG_CXX_LANGUAGE_STANDARD = "gnu++20";
				CLANG_ENABLE_MODULES = YES;
				CLANG_ENABLE_OBJC_ARC = YES;
				CLANG_ENABLE_OBJC_WEAK = YES;
				CLANG_WARN_BLOCK_CAPTURE_AUTORELEASING = YES;
				CLANG_WARN_BOOL_CONVERSION = YES;
				CLANG_WARN_COMMA = YES;
				CLANG_WARN_CONSTANT_CONVERSION = YES;
				CLANG_WARN_DEPRECATED_OBJC_IMPLEMENTATIONS = YES;
				CLANG_WARN_DIRECT_OBJC_ISA_USAGE = YES_ERROR;
				CLANG_WARN_DOCUMENTATION_COMMENTS = YES;
				CLANG_WARN_EMPTY_BODY = YES;
				CLANG_WARN_ENUM_CONVERSION = YES;
				CLANG_WARN_INFINITE_RECURSION = YES;
				CLANG_WARN_INT_CONVERSION = YES;
				CLANG_WARN_NON_LITERAL_NULL_CONVERSION = YES;
				CLANG_WARN_OBJC_IMPLICIT_RETAIN_SELF = YES;
				CLANG_WARN_OBJC_LITERAL_CONVERSION = YES;
				CLANG_WARN_OBJC_ROOT_CLASS = YES_ERROR;
				CLANG_WARN_QUOTED_INCLUDE_IN_FRAMEWORK_HEADER = YES;
				CLANG_WARN_RANGE_LOOP_ANALYSIS = YES;
				CLANG_WARN_STRICT_PROTOTYPES = YES;
				CLANG_WARN_SUSPICIOUS_MOVE = YES;
				CLANG_WARN_UNGUARDED_AVAILABILITY = YES_AGGRESSIVE;
				CLANG_WARN_UNREACHABLE_CODE = YES;
				CLANG_WARN__DUPLICATE_METHOD_MATCH = YES;
				COPY_PHASE_STRIP = NO;
				DEBUG_INFORMATION_FORMAT = "dwarf-with-dsym";
				ENABLE_NS_ASSERTIONS = NO;
				ENABLE_STRICT_OBJC_MSGSEND = YES;
				ENABLE_USER_SCRIPT_SANDBOXING = YES;
				GCC_C_LANGUAGE_STANDARD = gnu17;
				GCC_NO_COMMON_BLOCKS = YES;
				GCC_WARN_64_TO_32_BIT_CONVERSION = YES;
				GCC_WARN_ABOUT_RETURN_TYPE = YES_ERROR;
				GCC_WARN_UNDECLARED_SELECTOR = YES;
				GCC_WARN_UNINITIALIZED_AUTOS = YES_AGGRESSIVE;
				GCC_WARN_UNUSED_FUNCTION = YES;
				GCC_WARN_UNUSED_VARIABLE = YES;
				IPHONEOS_DEPLOYMENT_TARGET = 18.2;
				LOCALIZATION_PREFERS_STRING_CATALOGS = YES;
				MTL_ENABLE_DEBUG_INFO = NO;
				MTL_FAST_MATH = YES;
				SDKROOT = iphoneos;
				SWIFT_COMPILATION_MODE = wholemodule;
				VALIDATE_PRODUCT = YES;
			};
			name = Release;
		};
		D6801B302D31752E0060E3A5 /* Debug */ = {
			isa = XCBuildConfiguration;
			buildSettings = {
				ASSETCATALOG_COMPILER_APPICON_NAME = AppIcon;
				ASSETCATALOG_COMPILER_GLOBAL_ACCENT_COLOR_NAME = AccentColor;
				CODE_SIGN_STYLE = Automatic;
				CURRENT_PROJECT_VERSION = 1;
				DEVELOPMENT_ASSET_PATHS = "\"EpameinondasZymvrakakis/Preview Content\"";
				DEVELOPMENT_TEAM = K6LJCT8RAA;
				ENABLE_PREVIEWS = YES;
				GENERATE_INFOPLIST_FILE = YES;
				INFOPLIST_KEY_UIApplicationSceneManifest_Generation = YES;
				INFOPLIST_KEY_UIApplicationSupportsIndirectInputEvents = YES;
				INFOPLIST_KEY_UILaunchScreen_Generation = YES;
				INFOPLIST_KEY_UILaunchStoryboardName = LaunchScreen;
				INFOPLIST_KEY_UISupportedInterfaceOrientations_iPad = "UIInterfaceOrientationPortrait UIInterfaceOrientationPortraitUpsideDown UIInterfaceOrientationLandscapeLeft UIInterfaceOrientationLandscapeRight";
				INFOPLIST_KEY_UISupportedInterfaceOrientations_iPhone = "UIInterfaceOrientationPortrait UIInterfaceOrientationLandscapeLeft UIInterfaceOrientationLandscapeRight";
				LD_RUNPATH_SEARCH_PATHS = (
					"$(inherited)",
					"@executable_path/Frameworks",
				);
				MARKETING_VERSION = 1.0;
				PRODUCT_BUNDLE_IDENTIFIER = com.template.EpameinondasZymvrakakis;
				PRODUCT_NAME = "$(TARGET_NAME)";
				SWIFT_EMIT_LOC_STRINGS = YES;
				SWIFT_VERSION = 5.0;
				TARGETED_DEVICE_FAMILY = "1,2";
			};
			name = Debug;
		};
		D6801B312D31752E0060E3A5 /* Release */ = {
			isa = XCBuildConfiguration;
			buildSettings = {
				ASSETCATALOG_COMPILER_APPICON_NAME = AppIcon;
				ASSETCATALOG_COMPILER_GLOBAL_ACCENT_COLOR_NAME = AccentColor;
				CODE_SIGN_STYLE = Automatic;
				CURRENT_PROJECT_VERSION = 1;
				DEVELOPMENT_ASSET_PATHS = "\"EpameinondasZymvrakakis/Preview Content\"";
				DEVELOPMENT_TEAM = K6LJCT8RAA;
				ENABLE_PREVIEWS = YES;
				GENERATE_INFOPLIST_FILE = YES;
				INFOPLIST_KEY_UIApplicationSceneManifest_Generation = YES;
				INFOPLIST_KEY_UIApplicationSupportsIndirectInputEvents = YES;
				INFOPLIST_KEY_UILaunchScreen_Generation = YES;
				INFOPLIST_KEY_UILaunchStoryboardName = LaunchScreen;
				INFOPLIST_KEY_UISupportedInterfaceOrientations_iPad = "UIInterfaceOrientationPortrait UIInterfaceOrientationPortraitUpsideDown UIInterfaceOrientationLandscapeLeft UIInterfaceOrientationLandscapeRight";
				INFOPLIST_KEY_UISupportedInterfaceOrientations_iPhone = "UIInterfaceOrientationPortrait UIInterfaceOrientationLandscapeLeft UIInterfaceOrientationLandscapeRight";
				LD_RUNPATH_SEARCH_PATHS = (
					"$(inherited)",
					"@executable_path/Frameworks",
				);
				MARKETING_VERSION = 1.0;
				PRODUCT_BUNDLE_IDENTIFIER = com.template.EpameinondasZymvrakakis;
				PRODUCT_NAME = "$(TARGET_NAME)";
				SWIFT_EMIT_LOC_STRINGS = YES;
				SWIFT_VERSION = 5.0;
				TARGETED_DEVICE_FAMILY = "1,2";
			};
			name = Release;
		};
		D6801B332D31752E0060E3A5 /* Debug */ = {
			isa = XCBuildConfiguration;
			buildSettings = {
				BUNDLE_LOADER = "$(TEST_HOST)";
				CODE_SIGN_STYLE = Automatic;
				CURRENT_PROJECT_VERSION = 1;
				DEVELOPMENT_TEAM = K6LJCT8RAA;
				GENERATE_INFOPLIST_FILE = YES;
				IPHONEOS_DEPLOYMENT_TARGET = 18.2;
				MARKETING_VERSION = 1.0;
				PRODUCT_BUNDLE_IDENTIFIER = com.template.EpameinondasZymvrakakisTests;
				PRODUCT_NAME = "$(TARGET_NAME)";
				SWIFT_EMIT_LOC_STRINGS = NO;
				SWIFT_VERSION = 5.0;
				TARGETED_DEVICE_FAMILY = "1,2";
				TEST_HOST = "$(BUILT_PRODUCTS_DIR)/EpameinondasZymvrakakis.app/$(BUNDLE_EXECUTABLE_FOLDER_PATH)/EpameinondasZymvrakakis";
			};
			name = Debug;
		};
		D6801B342D31752E0060E3A5 /* Release */ = {
			isa = XCBuildConfiguration;
			buildSettings = {
				BUNDLE_LOADER = "$(TEST_HOST)";
				CODE_SIGN_STYLE = Automatic;
				CURRENT_PROJECT_VERSION = 1;
				DEVELOPMENT_TEAM = K6LJCT8RAA;
				GENERATE_INFOPLIST_FILE = YES;
				IPHONEOS_DEPLOYMENT_TARGET = 18.2;
				MARKETING_VERSION = 1.0;
				PRODUCT_BUNDLE_IDENTIFIER = com.template.EpameinondasZymvrakakisTests;
				PRODUCT_NAME = "$(TARGET_NAME)";
				SWIFT_EMIT_LOC_STRINGS = NO;
				SWIFT_VERSION = 5.0;
				TARGETED_DEVICE_FAMILY = "1,2";
				TEST_HOST = "$(BUILT_PRODUCTS_DIR)/EpameinondasZymvrakakis.app/$(BUNDLE_EXECUTABLE_FOLDER_PATH)/EpameinondasZymvrakakis";
			};
			name = Release;
		};
		D6801B362D31752E0060E3A5 /* Debug */ = {
			isa = XCBuildConfiguration;
			buildSettings = {
				CODE_SIGN_STYLE = Automatic;
				CURRENT_PROJECT_VERSION = 1;
				DEVELOPMENT_TEAM = K6LJCT8RAA;
				GENERATE_INFOPLIST_FILE = YES;
				MARKETING_VERSION = 1.0;
				PRODUCT_BUNDLE_IDENTIFIER = com.template.EpameinondasZymvrakakisUITests;
				PRODUCT_NAME = "$(TARGET_NAME)";
				SWIFT_EMIT_LOC_STRINGS = NO;
				SWIFT_VERSION = 5.0;
				TARGETED_DEVICE_FAMILY = "1,2";
				TEST_TARGET_NAME = EpameinondasZymvrakakis;
			};
			name = Debug;
		};
		D6801B372D31752E0060E3A5 /* Release */ = {
			isa = XCBuildConfiguration;
			buildSettings = {
				CODE_SIGN_STYLE = Automatic;
				CURRENT_PROJECT_VERSION = 1;
				DEVELOPMENT_TEAM = K6LJCT8RAA;
				GENERATE_INFOPLIST_FILE = YES;
				MARKETING_VERSION = 1.0;
				PRODUCT_BUNDLE_IDENTIFIER = com.template.EpameinondasZymvrakakisUITests;
				PRODUCT_NAME = "$(TARGET_NAME)";
				SWIFT_EMIT_LOC_STRINGS = NO;
				SWIFT_VERSION = 5.0;
				TARGETED_DEVICE_FAMILY = "1,2";
				TEST_TARGET_NAME = EpameinondasZymvrakakis;
			};
			name = Release;
		};
/* End XCBuildConfiguration section */

/* Begin XCConfigurationList section */
		D6801B062D31752C0060E3A5 /* Build configuration list for PBXProject "EpameinondasZymvrakakis" */ = {
			isa = XCConfigurationList;
			buildConfigurations = (
				D6801B2D2D31752E0060E3A5 /* Debug */,
				D6801B2E2D31752E0060E3A5 /* Release */,
			);
			defaultConfigurationIsVisible = 0;
			defaultConfigurationName = Release;
		};
		D6801B2F2D31752E0060E3A5 /* Build configuration list for PBXNativeTarget "EpameinondasZymvrakakis" */ = {
			isa = XCConfigurationList;
			buildConfigurations = (
				D6801B302D31752E0060E3A5 /* Debug */,
				D6801B312D31752E0060E3A5 /* Release */,
			);
			defaultConfigurationIsVisible = 0;
			defaultConfigurationName = Release;
		};
		D6801B322D31752E0060E3A5 /* Build configuration list for PBXNativeTarget "EpameinondasZymvrakakisTests" */ = {
			isa = XCConfigurationList;
			buildConfigurations = (
				D6801B332D31752E0060E3A5 /* Debug */,
				D6801B342D31752E0060E3A5 /* Release */,
			);
			defaultConfigurationIsVisible = 0;
			defaultConfigurationName = Release;
		};
		D6801B352D31752E0060E3A5 /* Build configuration list for PBXNativeTarget "EpameinondasZymvrakakisUITests" */ = {
			isa = XCConfigurationList;
			buildConfigurations = (
				D6801B362D31752E0060E3A5 /* Debug */,
				D6801B372D31752E0060E3A5 /* Release */,
			);
			defaultConfigurationIsVisible = 0;
			defaultConfigurationName = Release;
		};
/* End XCConfigurationList section */
	};
	rootObject = D6801B032D31752C0060E3A5 /* Project object */;
}
